// !$*UTF8*$!
{
	archiveVersion = 1;
	classes = {
	};
	objectVersion = 55;
	objects = {

/* Begin PBXBuildFile section */
		BDFACBA528A3F0E600ABFA95 /* AppDelegate.swift in Sources */ = {isa = PBXBuildFile; fileRef = BDFACBA428A3F0E600ABFA95 /* AppDelegate.swift */; };
		BDFACBA728A3F0E600ABFA95 /* SceneDelegate.swift in Sources */ = {isa = PBXBuildFile; fileRef = BDFACBA628A3F0E600ABFA95 /* SceneDelegate.swift */; };
		BDFACBA928A3F0E600ABFA95 /* ViewController.swift in Sources */ = {isa = PBXBuildFile; fileRef = BDFACBA828A3F0E600ABFA95 /* ViewController.swift */; };
		BDFACBAC28A3F0E600ABFA95 /* Main.storyboard in Resources */ = {isa = PBXBuildFile; fileRef = BDFACBAA28A3F0E600ABFA95 /* Main.storyboard */; };
		BDFACBAF28A3F0E600ABFA95 /* Intro_to_Xcode_Storyboard.xcdatamodeld in Sources */ = {isa = PBXBuildFile; fileRef = BDFACBAD28A3F0E600ABFA95 /* Intro_to_Xcode_Storyboard.xcdatamodeld */; };
		BDFACBB128A3F0E900ABFA95 /* Assets.xcassets in Resources */ = {isa = PBXBuildFile; fileRef = BDFACBB028A3F0E900ABFA95 /* Assets.xcassets */; };
		BDFACBB428A3F0E900ABFA95 /* LaunchScreen.storyboard in Resources */ = {isa = PBXBuildFile; fileRef = BDFACBB228A3F0E900ABFA95 /* LaunchScreen.storyboard */; };
/* End PBXBuildFile section */

/* Begin PBXFileReference section */
		BDFACBA128A3F0E600ABFA95 /* Intro-to-Xcode&Storyboard.app */ = {isa = PBXFileReference; explicitFileType = wrapper.application; includeInIndex = 0; path = "Intro-to-Xcode&Storyboard.app"; sourceTree = BUILT_PRODUCTS_DIR; };
		BDFACBA428A3F0E600ABFA95 /* AppDelegate.swift */ = {isa = PBXFileReference; lastKnownFileType = sourcecode.swift; path = AppDelegate.swift; sourceTree = "<group>"; };
		BDFACBA628A3F0E600ABFA95 /* SceneDelegate.swift */ = {isa = PBXFileReference; lastKnownFileType = sourcecode.swift; path = SceneDelegate.swift; sourceTree = "<group>"; };
		BDFACBA828A3F0E600ABFA95 /* ViewController.swift */ = {isa = PBXFileReference; lastKnownFileType = sourcecode.swift; path = ViewController.swift; sourceTree = "<group>"; };
		BDFACBAB28A3F0E600ABFA95 /* Base */ = {isa = PBXFileReference; lastKnownFileType = file.storyboard; name = Base; path = Base.lproj/Main.storyboard; sourceTree = "<group>"; };
		BDFACBAE28A3F0E600ABFA95 /* Intro_to_Xcode_Storyboard.xcdatamodel */ = {isa = PBXFileReference; lastKnownFileType = wrapper.xcdatamodel; path = Intro_to_Xcode_Storyboard.xcdatamodel; sourceTree = "<group>"; };
		BDFACBB028A3F0E900ABFA95 /* Assets.xcassets */ = {isa = PBXFileReference; lastKnownFileType = folder.assetcatalog; path = Assets.xcassets; sourceTree = "<group>"; };
		BDFACBB328A3F0E900ABFA95 /* Base */ = {isa = PBXFileReference; lastKnownFileType = file.storyboard; name = Base; path = Base.lproj/LaunchScreen.storyboard; sourceTree = "<group>"; };
		BDFACBB528A3F0E900ABFA95 /* Info.plist */ = {isa = PBXFileReference; lastKnownFileType = text.plist.xml; path = Info.plist; sourceTree = "<group>"; };
/* End PBXFileReference section */

/* Begin PBXFrameworksBuildPhase section */
		BDFACB9E28A3F0E600ABFA95 /* Frameworks */ = {
			isa = PBXFrameworksBuildPhase;
			buildActionMask = 2147483647;
			files = (
			);
			runOnlyForDeploymentPostprocessing = 0;
		};
/* End PBXFrameworksBuildPhase section */

/* Begin PBXGroup section */
		BDFACB9828A3F0E600ABFA95 = {
			isa = PBXGroup;
			children = (
				BDFACBA328A3F0E600ABFA95 /* Intro-to-Xcode&Storyboard */,
				BDFACBA228A3F0E600ABFA95 /* Products */,
			);
			sourceTree = "<group>";
		};
		BDFACBA228A3F0E600ABFA95 /* Products */ = {
			isa = PBXGroup;
			children = (
				BDFACBA128A3F0E600ABFA95 /* Intro-to-Xcode&Storyboard.app */,
			);
			name = Products;
			sourceTree = "<group>";
		};
		BDFACBA328A3F0E600ABFA95 /* Intro-to-Xcode&Storyboard */ = {
			isa = PBXGroup;
			children = (
				BDFACBA428A3F0E600ABFA95 /* AppDelegate.swift */,
				BDFACBA628A3F0E600ABFA95 /* SceneDelegate.swift */,
				BDFACBA828A3F0E600ABFA95 /* ViewController.swift */,
				BDFACBAA28A3F0E600ABFA95 /* Main.storyboard */,
				BDFACBB028A3F0E900ABFA95 /* Assets.xcassets */,
				BDFACBB228A3F0E900ABFA95 /* LaunchScreen.storyboard */,
				BDFACBB528A3F0E900ABFA95 /* Info.plist */,
				BDFACBAD28A3F0E600ABFA95 /* Intro_to_Xcode_Storyboard.xcdatamodeld */,
			);
			path = "Intro-to-Xcode&Storyboard";
			sourceTree = "<group>";
		};
/* End PBXGroup section */

/* Begin PBXNativeTarget section */
		BDFACBA028A3F0E600ABFA95 /* Intro-to-Xcode&Storyboard */ = {
			isa = PBXNativeTarget;
			buildConfigurationList = BDFACBB828A3F0E900ABFA95 /* Build configuration list for PBXNativeTarget "Intro-to-Xcode&Storyboard" */;
			buildPhases = (
				BDFACB9D28A3F0E600ABFA95 /* Sources */,
				BDFACB9E28A3F0E600ABFA95 /* Frameworks */,
				BDFACB9F28A3F0E600ABFA95 /* Resources */,
			);
			buildRules = (
			);
			dependencies = (
			);
			name = "Intro-to-Xcode&Storyboard";
			productName = "Intro-to-Xcode&Storyboard";
			productReference = BDFACBA128A3F0E600ABFA95 /* Intro-to-Xcode&Storyboard.app */;
			productType = "com.apple.product-type.application";
		};
/* End PBXNativeTarget section */

/* Begin PBXProject section */
		BDFACB9928A3F0E600ABFA95 /* Project object */ = {
			isa = PBXProject;
			attributes = {
				BuildIndependentTargetsInParallel = 1;
				LastSwiftUpdateCheck = 1340;
				LastUpgradeCheck = 1340;
				TargetAttributes = {
					BDFACBA028A3F0E600ABFA95 = {
						CreatedOnToolsVersion = 13.4.1;
					};
				};
			};
			buildConfigurationList = BDFACB9C28A3F0E600ABFA95 /* Build configuration list for PBXProject "Intro-to-Xcode&Storyboard" */;
			compatibilityVersion = "Xcode 13.0";
			developmentRegion = en;
			hasScannedForEncodings = 0;
			knownRegions = (
				en,
				Base,
			);
			mainGroup = BDFACB9828A3F0E600ABFA95;
			productRefGroup = BDFACBA228A3F0E600ABFA95 /* Products */;
			projectDirPath = "";
			projectRoot = "";
			targets = (
				BDFACBA028A3F0E600ABFA95 /* Intro-to-Xcode&Storyboard */,
			);
		};
/* End PBXProject section */

/* Begin PBXResourcesBuildPhase section */
		BDFACB9F28A3F0E600ABFA95 /* Resources */ = {
			isa = PBXResourcesBuildPhase;
			buildActionMask = 2147483647;
			files = (
				BDFACBB428A3F0E900ABFA95 /* LaunchScreen.storyboard in Resources */,
				BDFACBB128A3F0E900ABFA95 /* Assets.xcassets in Resources */,
				BDFACBAC28A3F0E600ABFA95 /* Main.storyboard in Resources */,
			);
			runOnlyForDeploymentPostprocessing = 0;
		};
/* End PBXResourcesBuildPhase section */

/* Begin PBXSourcesBuildPhase section */
		BDFACB9D28A3F0E600ABFA95 /* Sources */ = {
			isa = PBXSourcesBuildPhase;
			buildActionMask = 2147483647;
			files = (
				BDFACBA928A3F0E600ABFA95 /* ViewController.swift in Sources */,
				BDFACBA528A3F0E600ABFA95 /* AppDelegate.swift in Sources */,
				BDFACBAF28A3F0E600ABFA95 /* Intro_to_Xcode_Storyboard.xcdatamodeld in Sources */,
				BDFACBA728A3F0E600ABFA95 /* SceneDelegate.swift in Sources */,
			);
			runOnlyForDeploymentPostprocessing = 0;
		};
/* End PBXSourcesBuildPhase section */

/* Begin PBXVariantGroup section */
		BDFACBAA28A3F0E600ABFA95 /* Main.storyboard */ = {
			isa = PBXVariantGroup;
			children = (
				BDFACBAB28A3F0E600ABFA95 /* Base */,
			);
			name = Main.storyboard;
			sourceTree = "<group>";
		};
		BDFACBB228A3F0E900ABFA95 /* LaunchScreen.storyboard */ = {
			isa = PBXVariantGroup;
			children = (
				BDFACBB328A3F0E900ABFA95 /* Base */,
			);
			name = LaunchScreen.storyboard;
			sourceTree = "<group>";
		};
/* End PBXVariantGroup section */

/* Begin XCBuildConfiguration section */
		BDFACBB628A3F0E900ABFA95 /* Debug */ = {
			isa = XCBuildConfiguration;
			buildSettings = {
				ALWAYS_SEARCH_USER_PATHS = NO;
				CLANG_ANALYZER_NONNULL = YES;
				CLANG_ANALYZER_NUMBER_OBJECT_CONVERSION = YES_AGGRESSIVE;
				CLANG_CXX_LANGUAGE_STANDARD = "gnu++17";
				CLANG_ENABLE_MODULES = YES;
				CLANG_ENABLE_OBJC_ARC = YES;
				CLANG_ENABLE_OBJC_WEAK = YES;
				CLANG_WARN_BLOCK_CAPTURE_AUTORELEASING = YES;
				CLANG_WARN_BOOL_CONVERSION = YES;
				CLANG_WARN_COMMA = YES;
				CLANG_WARN_CONSTANT_CONVERSION = YES;
				CLANG_WARN_DEPRECATED_OBJC_IMPLEMENTATIONS = YES;
				CLANG_WARN_DIRECT_OBJC_ISA_USAGE = YES_ERROR;
				CLANG_WARN_DOCUMENTATION_COMMENTS = YES;
				CLANG_WARN_EMPTY_BODY = YES;
				CLANG_WARN_ENUM_CONVERSION = YES;
				CLANG_WARN_INFINITE_RECURSION = YES;
				CLANG_WARN_INT_CONVERSION = YES;
				CLANG_WARN_NON_LITERAL_NULL_CONVERSION = YES;
				CLANG_WARN_OBJC_IMPLICIT_RETAIN_SELF = YES;
				CLANG_WARN_OBJC_LITERAL_CONVERSION = YES;
				CLANG_WARN_OBJC_ROOT_CLASS = YES_ERROR;
				CLANG_WARN_QUOTED_INCLUDE_IN_FRAMEWORK_HEADER = YES;
				CLANG_WARN_RANGE_LOOP_ANALYSIS = YES;
				CLANG_WARN_STRICT_PROTOTYPES = YES;
				CLANG_WARN_SUSPICIOUS_MOVE = YES;
				CLANG_WARN_UNGUARDED_AVAILABILITY = YES_AGGRESSIVE;
				CLANG_WARN_UNREACHABLE_CODE = YES;
				CLANG_WARN__DUPLICATE_METHOD_MATCH = YES;
				COPY_PHASE_STRIP = NO;
				DEBUG_INFORMATION_FORMAT = dwarf;
				ENABLE_STRICT_OBJC_MSGSEND = YES;
				ENABLE_TESTABILITY = YES;
				GCC_C_LANGUAGE_STANDARD = gnu11;
				GCC_DYNAMIC_NO_PIC = NO;
				GCC_NO_COMMON_BLOCKS = YES;
				GCC_OPTIMIZATION_LEVEL = 0;
				GCC_PREPROCESSOR_DEFINITIONS = (
					"DEBUG=1",
					"$(inherited)",
				);
				GCC_WARN_64_TO_32_BIT_CONVERSION = YES;
				GCC_WARN_ABOUT_RETURN_TYPE = YES_ERROR;
				GCC_WARN_UNDECLARED_SELECTOR = YES;
				GCC_WARN_UNINITIALIZED_AUTOS = YES_AGGRESSIVE;
				GCC_WARN_UNUSED_FUNCTION = YES;
				GCC_WARN_UNUSED_VARIABLE = YES;
				IPHONEOS_DEPLOYMENT_TARGET = 15.5;
				MTL_ENABLE_DEBUG_INFO = INCLUDE_SOURCE;
				MTL_FAST_MATH = YES;
				ONLY_ACTIVE_ARCH = YES;
				SDKROOT = iphoneos;
				SWIFT_ACTIVE_COMPILATION_CONDITIONS = DEBUG;
				SWIFT_OPTIMIZATION_LEVEL = "-Onone";
			};
			name = Debug;
		};
		BDFACBB728A3F0E900ABFA95 /* Release */ = {
			isa = XCBuildConfiguration;
			buildSettings = {
				ALWAYS_SEARCH_USER_PATHS = NO;
				CLANG_ANALYZER_NONNULL = YES;
				CLANG_ANALYZER_NUMBER_OBJECT_CONVERSION = YES_AGGRESSIVE;
				CLANG_CXX_LANGUAGE_STANDARD = "gnu++17";
				CLANG_ENABLE_MODULES = YES;
				CLANG_ENABLE_OBJC_ARC = YES;
				CLANG_ENABLE_OBJC_WEAK = YES;
				CLANG_WARN_BLOCK_CAPTURE_AUTORELEASING = YES;
				CLANG_WARN_BOOL_CONVERSION = YES;
				CLANG_WARN_COMMA = YES;
				CLANG_WARN_CONSTANT_CONVERSION = YES;
				CLANG_WARN_DEPRECATED_OBJC_IMPLEMENTATIONS = YES;
				CLANG_WARN_DIRECT_OBJC_ISA_USAGE = YES_ERROR;
				CLANG_WARN_DOCUMENTATION_COMMENTS = YES;
				CLANG_WARN_EMPTY_BODY = YES;
				CLANG_WARN_ENUM_CONVERSION = YES;
				CLANG_WARN_INFINITE_RECURSION = YES;
				CLANG_WARN_INT_CONVERSION = YES;
				CLANG_WARN_NON_LITERAL_NULL_CONVERSION = YES;
				CLANG_WARN_OBJC_IMPLICIT_RETAIN_SELF = YES;
				CLANG_WARN_OBJC_LITERAL_CONVERSION = YES;
				CLANG_WARN_OBJC_ROOT_CLASS = YES_ERROR;
				CLANG_WARN_QUOTED_INCLUDE_IN_FRAMEWORK_HEADER = YES;
				CLANG_WARN_RANGE_LOOP_ANALYSIS = YES;
				CLANG_WARN_STRICT_PROTOTYPES = YES;
				CLANG_WARN_SUSPICIOUS_MOVE = YES;
				CLANG_WARN_UNGUARDED_AVAILABILITY = YES_AGGRESSIVE;
				CLANG_WARN_UNREACHABLE_CODE = YES;
				CLANG_WARN__DUPLICATE_METHOD_MATCH = YES;
				COPY_PHASE_STRIP = NO;
				DEBUG_INFORMATION_FORMAT = "dwarf-with-dsym";
				ENABLE_NS_ASSERTIONS = NO;
				ENABLE_STRICT_OBJC_MSGSEND = YES;
				GCC_C_LANGUAGE_STANDARD = gnu11;
				GCC_NO_COMMON_BLOCKS = YES;
				GCC_WARN_64_TO_32_BIT_CONVERSION = YES;
				GCC_WARN_ABOUT_RETURN_TYPE = YES_ERROR;
				GCC_WARN_UNDECLARED_SELECTOR = YES;
				GCC_WARN_UNINITIALIZED_AUTOS = YES_AGGRESSIVE;
				GCC_WARN_UNUSED_FUNCTION = YES;
				GCC_WARN_UNUSED_VARIABLE = YES;
				IPHONEOS_DEPLOYMENT_TARGET = 15.5;
				MTL_ENABLE_DEBUG_INFO = NO;
				MTL_FAST_MATH = YES;
				SDKROOT = iphoneos;
				SWIFT_COMPILATION_MODE = wholemodule;
				SWIFT_OPTIMIZATION_LEVEL = "-O";
				VALIDATE_PRODUCT = YES;
			};
			name = Release;
		};
		BDFACBB928A3F0E900ABFA95 /* Debug */ = {
			isa = XCBuildConfiguration;
			buildSettings = {
				ASSETCATALOG_COMPILER_APPICON_NAME = AppIcon;
				ASSETCATALOG_COMPILER_GLOBAL_ACCENT_COLOR_NAME = AccentColor;
				CODE_SIGN_STYLE = Automatic;
				CURRENT_PROJECT_VERSION = 1;
				GENERATE_INFOPLIST_FILE = YES;
				INFOPLIST_FILE = "Intro-to-Xcode&Storyboard/Info.plist";
				INFOPLIST_KEY_UIApplicationSupportsIndirectInputEvents = YES;
				INFOPLIST_KEY_UILaunchStoryboardName = LaunchScreen;
				INFOPLIST_KEY_UIMainStoryboardFile = Main;
				INFOPLIST_KEY_UISupportedInterfaceOrientations_iPad = "UIInterfaceOrientationPortrait UIInterfaceOrientationPortraitUpsideDown UIInterfaceOrientationLandscapeLeft UIInterfaceOrientationLandscapeRight";
				INFOPLIST_KEY_UISupportedInterfaceOrientations_iPhone = "UIInterfaceOrientationPortrait UIInterfaceOrientationLandscapeLeft UIInterfaceOrientationLandscapeRight";
				LD_RUNPATH_SEARCH_PATHS = (
					"$(inherited)",
					"@executable_path/Frameworks",
				);
				MARKETING_VERSION = 1.0;
				PRODUCT_BUNDLE_IDENTIFIER = "KWK.Intro-to-Xcode-Storyboard";
				PRODUCT_NAME = "$(TARGET_NAME)";
				SWIFT_EMIT_LOC_STRINGS = YES;
				SWIFT_VERSION = 5.0;
				TARGETED_DEVICE_FAMILY = "1,2";
			};
			name = Debug;
		};
		BDFACBBA28A3F0E900ABFA95 /* Release */ = {
			isa = XCBuildConfiguration;
			buildSettings = {
				ASSETCATALOG_COMPILER_APPICON_NAME = AppIcon;
				ASSETCATALOG_COMPILER_GLOBAL_ACCENT_COLOR_NAME = AccentColor;
				CODE_SIGN_STYLE = Automatic;
				CURRENT_PROJECT_VERSION = 1;
				GENERATE_INFOPLIST_FILE = YES;
				INFOPLIST_FILE = "Intro-to-Xcode&Storyboard/Info.plist";
				INFOPLIST_KEY_UIApplicationSupportsIndirectInputEvents = YES;
				INFOPLIST_KEY_UILaunchStoryboardName = LaunchScreen;
				INFOPLIST_KEY_UIMainStoryboardFile = Main;
				INFOPLIST_KEY_UISupportedInterfaceOrientations_iPad = "UIInterfaceOrientationPortrait UIInterfaceOrientationPortraitUpsideDown UIInterfaceOrientationLandscapeLeft UIInterfaceOrientationLandscapeRight";
				INFOPLIST_KEY_UISupportedInterfaceOrientations_iPhone = "UIInterfaceOrientationPortrait UIInterfaceOrientationLandscapeLeft UIInterfaceOrientationLandscapeRight";
				LD_RUNPATH_SEARCH_PATHS = (
					"$(inherited)",
					"@executable_path/Frameworks",
				);
				MARKETING_VERSION = 1.0;
				PRODUCT_BUNDLE_IDENTIFIER = "KWK.Intro-to-Xcode-Storyboard";
				PRODUCT_NAME = "$(TARGET_NAME)";
				SWIFT_EMIT_LOC_STRINGS = YES;
				SWIFT_VERSION = 5.0;
				TARGETED_DEVICE_FAMILY = "1,2";
			};
			name = Release;
		};
/* End XCBuildConfiguration section */

/* Begin XCConfigurationList section */
		BDFACB9C28A3F0E600ABFA95 /* Build configuration list for PBXProject "Intro-to-Xcode&Storyboard" */ = {
			isa = XCConfigurationList;
			buildConfigurations = (
				BDFACBB628A3F0E900ABFA95 /* Debug */,
				BDFACBB728A3F0E900ABFA95 /* Release */,
			);
			defaultConfigurationIsVisible = 0;
			defaultConfigurationName = Release;
		};
		BDFACBB828A3F0E900ABFA95 /* Build configuration list for PBXNativeTarget "Intro-to-Xcode&Storyboard" */ = {
			isa = XCConfigurationList;
			buildConfigurations = (
				BDFACBB928A3F0E900ABFA95 /* Debug */,
				BDFACBBA28A3F0E900ABFA95 /* Release */,
			);
			defaultConfigurationIsVisible = 0;
			defaultConfigurationName = Release;
		};
/* End XCConfigurationList section */

/* Begin XCVersionGroup section */
		BDFACBAD28A3F0E600ABFA95 /* Intro_to_Xcode_Storyboard.xcdatamodeld */ = {
			isa = XCVersionGroup;
			children = (
				BDFACBAE28A3F0E600ABFA95 /* Intro_to_Xcode_Storyboard.xcdatamodel */,
			);
			currentVersion = BDFACBAE28A3F0E600ABFA95 /* Intro_to_Xcode_Storyboard.xcdatamodel */;
			path = Intro_to_Xcode_Storyboard.xcdatamodeld;
			sourceTree = "<group>";
			versionGroupType = wrapper.xcdatamodel;
		};
/* End XCVersionGroup section */
	};
	rootObject = BDFACB9928A3F0E600ABFA95 /* Project object */;
}
